
Microsoft Visual Studio Solution File, Format Version 12.00
# Visual Studio Version 17
VisualStudioVersion = 17.0.31903.59
MinimumVisualStudioVersion = 10.0.40219.1
Project("{9A19103F-16F7-4668-BE54-9A1E7A4F7556}") = "XmlToPox", "XmlToPox\XmlToPox.csproj", "{A2F82957-DB94-46AC-9693-311BB3D4126D}"
EndProject
Project("{9A19103F-16F7-4668-BE54-9A1E7A4F7556}") = "Test", "Test\Test.csproj", "{33D8E5DC-03FE-40C7-A410-5184A4832ADB}"
EndProject
Global
	GlobalSection(SolutionConfigurationPlatforms) = preSolution
		Debug|Any CPU = Debug|Any CPU
		Release|Any CPU = Release|Any CPU
	EndGlobalSection
	GlobalSection(ProjectConfigurationPlatforms) = postSolution
		{A2F82957-DB94-46AC-9693-311BB3D4126D}.Debug|Any CPU.ActiveCfg = Debug|Any CPU
		{A2F82957-DB94-46AC-9693-311BB3D4126D}.Debug|Any CPU.Build.0 = Debug|Any CPU
		{A2F82957-DB94-46AC-9693-311BB3D4126D}.Release|Any CPU.ActiveCfg = Release|Any CPU
		{A2F82957-DB94-46AC-9693-311BB3D4126D}.Release|Any CPU.Build.0 = Release|Any CPU
		{33D8E5DC-03FE-40C7-A410-5184A4832ADB}.Debug|Any CPU.ActiveCfg = Debug|Any CPU
		{33D8E5DC-03FE-40C7-A410-5184A4832ADB}.Debug|Any CPU.Build.0 = Debug|Any CPU
		{33D8E5DC-03FE-40C7-A410-5184A4832ADB}.Release|Any CPU.ActiveCfg = Release|Any CPU
		{33D8E5DC-03FE-40C7-A410-5184A4832ADB}.Release|Any CPU.Build.0 = Release|Any CPU
	EndGlobalSection
	GlobalSection(SolutionProperties) = preSolution
		HideSolutionNode = FALSE
	EndGlobalSection
	GlobalSection(ExtensibilityGlobals) = postSolution
		SolutionGuid = {FFE39274-46FD-4BCA-9F7A-B8C798C11D01}
	EndGlobalSection
EndGlobal
