
Microsoft Visual Studio Solution File, Format Version 12.00
# Visual Studio Version 17
VisualStudioVersion = 17.0.31903.59
MinimumVisualStudioVersion = 10.0.40219.1
Project("{9A19103F-16F7-4668-BE54-9A1E7A4F7556}") = "XmlToPox", "XmlToPox\XmlToPox.csproj", "{A2F82957-DB94-46AC-9693-311BB3D4126D}"
EndProject
Project("{FAE04EC0-301F-11D3-BF4B-00C04F79EFBC}") = "Test.Shared", "Test.Shared\Test.Shared.csproj", "{3FEE248A-41A3-4D90-8D67-682B4429B33C}"
EndProject
Project("{FAE04EC0-301F-11D3-BF4B-00C04F79EFBC}") = "Test.Automated", "Test.Automated\Test.Automated.csproj", "{DC98862A-501C-42E3-8AC4-DDB4C04D3CB8}"
EndProject
Project("{FAE04EC0-301F-11D3-BF4B-00C04F79EFBC}") = "Test.Xunit", "Test.Xunit\Test.Xunit.csproj", "{F201711D-2538-43F8-9E94-DFA6819522C8}"
EndProject
Project("{FAE04EC0-301F-11D3-BF4B-00C04F79EFBC}") = "Test.Nunit", "Test.Nunit\Test.Nunit.csproj", "{E8521524-8087-4327-8AA2-C1D90B9586CB}"
EndProject
Global
	GlobalSection(SolutionConfigurationPlatforms) = preSolution
		Debug|Any CPU = Debug|Any CPU
		Debug|x64 = Debug|x64
		Debug|x86 = Debug|x86
		Release|Any CPU = Release|Any CPU
		Release|x64 = Release|x64
		Release|x86 = Release|x86
	EndGlobalSection
	GlobalSection(ProjectConfigurationPlatforms) = postSolution
		{A2F82957-DB94-46AC-9693-311BB3D4126D}.Debug|Any CPU.ActiveCfg = Debug|Any CPU
		{A2F82957-DB94-46AC-9693-311BB3D4126D}.Debug|Any CPU.Build.0 = Debug|Any CPU
		{A2F82957-DB94-46AC-9693-311BB3D4126D}.Debug|x64.ActiveCfg = Debug|Any CPU
		{A2F82957-DB94-46AC-9693-311BB3D4126D}.Debug|x64.Build.0 = Debug|Any CPU
		{A2F82957-DB94-46AC-9693-311BB3D4126D}.Debug|x86.ActiveCfg = Debug|Any CPU
		{A2F82957-DB94-46AC-9693-311BB3D4126D}.Debug|x86.Build.0 = Debug|Any CPU
		{A2F82957-DB94-46AC-9693-311BB3D4126D}.Release|Any CPU.ActiveCfg = Release|Any CPU
		{A2F82957-DB94-46AC-9693-311BB3D4126D}.Release|Any CPU.Build.0 = Release|Any CPU
		{A2F82957-DB94-46AC-9693-311BB3D4126D}.Release|x64.ActiveCfg = Release|Any CPU
		{A2F82957-DB94-46AC-9693-311BB3D4126D}.Release|x64.Build.0 = Release|Any CPU
		{A2F82957-DB94-46AC-9693-311BB3D4126D}.Release|x86.ActiveCfg = Release|Any CPU
		{A2F82957-DB94-46AC-9693-311BB3D4126D}.Release|x86.Build.0 = Release|Any CPU
		{3FEE248A-41A3-4D90-8D67-682B4429B33C}.Debug|Any CPU.ActiveCfg = Debug|Any CPU
		{3FEE248A-41A3-4D90-8D67-682B4429B33C}.Debug|Any CPU.Build.0 = Debug|Any CPU
		{3FEE248A-41A3-4D90-8D67-682B4429B33C}.Debug|x64.ActiveCfg = Debug|Any CPU
		{3FEE248A-41A3-4D90-8D67-682B4429B33C}.Debug|x64.Build.0 = Debug|Any CPU
		{3FEE248A-41A3-4D90-8D67-682B4429B33C}.Debug|x86.ActiveCfg = Debug|Any CPU
		{3FEE248A-41A3-4D90-8D67-682B4429B33C}.Debug|x86.Build.0 = Debug|Any CPU
		{3FEE248A-41A3-4D90-8D67-682B4429B33C}.Release|Any CPU.ActiveCfg = Release|Any CPU
		{3FEE248A-41A3-4D90-8D67-682B4429B33C}.Release|Any CPU.Build.0 = Release|Any CPU
		{3FEE248A-41A3-4D90-8D67-682B4429B33C}.Release|x64.ActiveCfg = Release|Any CPU
		{3FEE248A-41A3-4D90-8D67-682B4429B33C}.Release|x64.Build.0 = Release|Any CPU
		{3FEE248A-41A3-4D90-8D67-682B4429B33C}.Release|x86.ActiveCfg = Release|Any CPU
		{3FEE248A-41A3-4D90-8D67-682B4429B33C}.Release|x86.Build.0 = Release|Any CPU
		{DC98862A-501C-42E3-8AC4-DDB4C04D3CB8}.Debug|Any CPU.ActiveCfg = Debug|Any CPU
		{DC98862A-501C-42E3-8AC4-DDB4C04D3CB8}.Debug|Any CPU.Build.0 = Debug|Any CPU
		{DC98862A-501C-42E3-8AC4-DDB4C04D3CB8}.Debug|x64.ActiveCfg = Debug|Any CPU
		{DC98862A-501C-42E3-8AC4-DDB4C04D3CB8}.Debug|x64.Build.0 = Debug|Any CPU
		{DC98862A-501C-42E3-8AC4-DDB4C04D3CB8}.Debug|x86.ActiveCfg = Debug|Any CPU
		{DC98862A-501C-42E3-8AC4-DDB4C04D3CB8}.Debug|x86.Build.0 = Debug|Any CPU
		{DC98862A-501C-42E3-8AC4-DDB4C04D3CB8}.Release|Any CPU.ActiveCfg = Release|Any CPU
		{DC98862A-501C-42E3-8AC4-DDB4C04D3CB8}.Release|Any CPU.Build.0 = Release|Any CPU
		{DC98862A-501C-42E3-8AC4-DDB4C04D3CB8}.Release|x64.ActiveCfg = Release|Any CPU
		{DC98862A-501C-42E3-8AC4-DDB4C04D3CB8}.Release|x64.Build.0 = Release|Any CPU
		{DC98862A-501C-42E3-8AC4-DDB4C04D3CB8}.Release|x86.ActiveCfg = Release|Any CPU
		{DC98862A-501C-42E3-8AC4-DDB4C04D3CB8}.Release|x86.Build.0 = Release|Any CPU
		{F201711D-2538-43F8-9E94-DFA6819522C8}.Debug|Any CPU.ActiveCfg = Debug|Any CPU
		{F201711D-2538-43F8-9E94-DFA6819522C8}.Debug|Any CPU.Build.0 = Debug|Any CPU
		{F201711D-2538-43F8-9E94-DFA6819522C8}.Debug|x64.ActiveCfg = Debug|Any CPU
		{F201711D-2538-43F8-9E94-DFA6819522C8}.Debug|x64.Build.0 = Debug|Any CPU
		{F201711D-2538-43F8-9E94-DFA6819522C8}.Debug|x86.ActiveCfg = Debug|Any CPU
		{F201711D-2538-43F8-9E94-DFA6819522C8}.Debug|x86.Build.0 = Debug|Any CPU
		{F201711D-2538-43F8-9E94-DFA6819522C8}.Release|Any CPU.ActiveCfg = Release|Any CPU
		{F201711D-2538-43F8-9E94-DFA6819522C8}.Release|Any CPU.Build.0 = Release|Any CPU
		{F201711D-2538-43F8-9E94-DFA6819522C8}.Release|x64.ActiveCfg = Release|Any CPU
		{F201711D-2538-43F8-9E94-DFA6819522C8}.Release|x64.Build.0 = Release|Any CPU
		{F201711D-2538-43F8-9E94-DFA6819522C8}.Release|x86.ActiveCfg = Release|Any CPU
		{F201711D-2538-43F8-9E94-DFA6819522C8}.Release|x86.Build.0 = Release|Any CPU
		{E8521524-8087-4327-8AA2-C1D90B9586CB}.Debug|Any CPU.ActiveCfg = Debug|Any CPU
		{E8521524-8087-4327-8AA2-C1D90B9586CB}.Debug|Any CPU.Build.0 = Debug|Any CPU
		{E8521524-8087-4327-8AA2-C1D90B9586CB}.Debug|x64.ActiveCfg = Debug|Any CPU
		{E8521524-8087-4327-8AA2-C1D90B9586CB}.Debug|x64.Build.0 = Debug|Any CPU
		{E8521524-8087-4327-8AA2-C1D90B9586CB}.Debug|x86.ActiveCfg = Debug|Any CPU
		{E8521524-8087-4327-8AA2-C1D90B9586CB}.Debug|x86.Build.0 = Debug|Any CPU
		{E8521524-8087-4327-8AA2-C1D90B9586CB}.Release|Any CPU.ActiveCfg = Release|Any CPU
		{E8521524-8087-4327-8AA2-C1D90B9586CB}.Release|Any CPU.Build.0 = Release|Any CPU
		{E8521524-8087-4327-8AA2-C1D90B9586CB}.Release|x64.ActiveCfg = Release|Any CPU
		{E8521524-8087-4327-8AA2-C1D90B9586CB}.Release|x64.Build.0 = Release|Any CPU
		{E8521524-8087-4327-8AA2-C1D90B9586CB}.Release|x86.ActiveCfg = Release|Any CPU
		{E8521524-8087-4327-8AA2-C1D90B9586CB}.Release|x86.Build.0 = Release|Any CPU
	EndGlobalSection
	GlobalSection(SolutionProperties) = preSolution
		HideSolutionNode = FALSE
	EndGlobalSection
	GlobalSection(ExtensibilityGlobals) = postSolution
		SolutionGuid = {FFE39274-46FD-4BCA-9F7A-B8C798C11D01}
	EndGlobalSection
EndGlobal
